<?xml version="1.0" encoding="utf-8"?>
<Project ToolsVersion="4.0" xmlns="http://schemas.microsoft.com/developer/msbuild/2003">
  <ItemGroup>
    <Filter Include="Source Files">
      <UniqueIdentifier>{4FC737F1-C7A5-4376-A066-2A32D752A2FF}</UniqueIdentifier>
      <Extensions>cpp;c;cc;cxx;c++;cppm;ixx;def;odl;idl;hpj;bat;asm;asmx</Extensions>
    </Filter>
    <Filter Include="Header Files">
      <UniqueIdentifier>{93995380-89BD-4b04-88EB-625FBE52EBFB}</UniqueIdentifier>
      <Extensions>h;hh;hpp;hxx;h++;hm;inl;inc;ipp;xsd</Extensions>
    </Filter>
    <Filter Include="Resource Files">
      <UniqueIdentifier>{67DA6AB6-F800-4c08-8B7A-83BB121AAD01}</UniqueIdentifier>
      <Extensions>rc;ico;cur;bmp;dlg;rc2;rct;bin;rgs;gif;jpg;jpeg;jpe;resx;tiff;tif;png;wav;mfcribbon-ms</Extensions>
    </Filter>
  </ItemGroup>
  <ItemGroup>
    <ClCompile Include="Network.cpp">
      <Filter>Source Files</Filter>
    </ClCompile>
    <ClCompile Include="GeneralAlgorithms.cpp">
      <Filter>Source Files</Filter>
    </ClCompile>
    <ClCompile Include="DBLP_Sampler.cpp">
      <Filter>Source Files</Filter>
    </ClCompile>
    <ClCompile Include="DBLPSample.cpp">
      <Filter>Source Files</Filter>
    </ClCompile>
    <ClCompile Include="Similarities.cpp">
      <Filter>Source Files</Filter>
    </ClCompile>
    <ClCompile Include="CrossValidation.cpp">
      <Filter>Source Files</Filter>
    </ClCompile>
    <ClCompile Include="Classifier.cpp">
      <Filter>Source Files</Filter>
    </ClCompile>
    <ClCompile Include="MultiLayerNet.cpp">
      <Filter>Source Files</Filter>
    </ClCompile>
    <ClCompile Include="main_ML_nets.cpp">
      <Filter>Source Files</Filter>
    </ClCompile>
    <ClCompile Include="MLNetAlgorithms.cpp">
      <Filter>Source Files</Filter>
    </ClCompile>
  </ItemGroup>
  <ItemGroup>
    <ClInclude Include="Network.h">
      <Filter>Header Files</Filter>
    </ClInclude>
    <ClInclude Include="GeneralAlgorithms.h">
      <Filter>Header Files</Filter>
    </ClInclude>
    <ClInclude Include="DBLP_Sampler.h">
      <Filter>Header Files</Filter>
    </ClInclude>
    <ClInclude Include="DBLPSample.h">
      <Filter>Header Files</Filter>
    </ClInclude>
    <ClInclude Include="Similarities.h">
      <Filter>Header Files</Filter>
    </ClInclude>
    <ClInclude Include="CrossValidation.h">
      <Filter>Header Files</Filter>
    </ClInclude>
    <ClInclude Include="Classifier.h">
      <Filter>Header Files</Filter>
    </ClInclude>
    <ClInclude Include="MultiLayerNet.h">
      <Filter>Header Files</Filter>
    </ClInclude>
    <ClInclude Include="MLNetAlgorithms.h">
      <Filter>Header Files</Filter>
    </ClInclude>
  </ItemGroup>
  <ItemGroup>
    <Text Include="datasets\9606.protein.links.v10.5.txt" />
    <Text Include="datasets\com-youtube.ungraph.txt" />
    <Text Include="datasets\socfb-Penn94.txt" />
  </ItemGroup>
</Project>